
Microsoft Visual Studio Solution File, Format Version 12.00
# Visual Studio Version 17
VisualStudioVersion = 17.10.35122.118
MinimumVisualStudioVersion = 10.0.40219.1
Project("{FAE04EC0-301F-11D3-BF4B-00C04F79EFBC}") = "RHTech.Teste.API", "RHTech.Teste.API\RHTech.Teste.API.csproj", "{AEC078E4-9F34-4203-BE85-3F731C314B4C}"
EndProject
Global
	GlobalSection(SolutionConfigurationPlatforms) = preSolution
		Debug|Any CPU = Debug|Any CPU
		Release|Any CPU = Release|Any CPU
	EndGlobalSection
	GlobalSection(ProjectConfigurationPlatforms) = postSolution
		{AEC078E4-9F34-4203-BE85-3F731C314B4C}.Debug|Any CPU.ActiveCfg = Debug|Any CPU
		{AEC078E4-9F34-4203-BE85-3F731C314B4C}.Debug|Any CPU.Build.0 = Debug|Any CPU
		{AEC078E4-9F34-4203-BE85-3F731C314B4C}.Release|Any CPU.ActiveCfg = Release|Any CPU
		{AEC078E4-9F34-4203-BE85-3F731C314B4C}.Release|Any CPU.Build.0 = Release|Any CPU
	EndGlobalSection
	GlobalSection(SolutionProperties) = preSolution
		HideSolutionNode = FALSE
	EndGlobalSection
	GlobalSection(ExtensibilityGlobals) = postSolution
		SolutionGuid = {4F4A57D8-5398-4187-8D70-18F95A5FDCB9}
	EndGlobalSection
EndGlobal
